
Microsoft Visual Studio Solution File, Format Version 12.00
# Visual Studio Version 17
VisualStudioVersion = 17.3.32929.385
MinimumVisualStudioVersion = 10.0.40219.1
Project("{FAE04EC0-301F-11D3-BF4B-00C04F79EFBC}") = "PDBDownloader", "PDBDownloader\PDBDownloader.csproj", "{40FC882C-B7BB-4656-9280-B69CB9A7F392}"
EndProject
Global
	GlobalSection(SolutionConfigurationPlatforms) = preSolution
		Debug|Any CPU = Debug|Any CPU
		Debug|x64 = Debug|x64
		Release|Any CPU = Release|Any CPU
		Release|x64 = Release|x64
	EndGlobalSection
	GlobalSection(ProjectConfigurationPlatforms) = postSolution
		{40FC882C-B7BB-4656-9280-B69CB9A7F392}.Debug|Any CPU.ActiveCfg = Debug|Any CPU
		{40FC882C-B7BB-4656-9280-B69CB9A7F392}.Debug|Any CPU.Build.0 = Debug|Any CPU
		{40FC882C-B7BB-4656-9280-B69CB9A7F392}.Debug|x64.ActiveCfg = Debug|x64
		{40FC882C-B7BB-4656-9280-B69CB9A7F392}.Debug|x64.Build.0 = Debug|x64
		{40FC882C-B7BB-4656-9280-B69CB9A7F392}.Release|Any CPU.ActiveCfg = Release|Any CPU
		{40FC882C-B7BB-4656-9280-B69CB9A7F392}.Release|Any CPU.Build.0 = Release|Any CPU
		{40FC882C-B7BB-4656-9280-B69CB9A7F392}.Release|x64.ActiveCfg = Release|x64
		{40FC882C-B7BB-4656-9280-B69CB9A7F392}.Release|x64.Build.0 = Release|x64
	EndGlobalSection
	GlobalSection(SolutionProperties) = preSolution
		HideSolutionNode = FALSE
	EndGlobalSection
	GlobalSection(ExtensibilityGlobals) = postSolution
		SolutionGuid = {2D911511-1085-4D38-8009-E8790326BB2F}
	EndGlobalSection
EndGlobal
